
Microsoft Visual Studio Solution File, Format Version 12.00
# Visual Studio Version 17
VisualStudioVersion = 17.0.31903.59
MinimumVisualStudioVersion = 10.0.40219.1
Project("{FAE04EC0-301F-11D3-BF4B-00C04F79EFBC}") = "MeusCalculos.Tests", "MeusCalculos.Tests\MeusCalculos.Tests.csproj", "{103F5EE4-8264-4A28-9D8D-639E842EA46D}"
EndProject
Project("{FAE04EC0-301F-11D3-BF4B-00C04F79EFBC}") = "MeusCalculos", "MeusCalculos\MeusCalculos.csproj", "{935B9850-6FD8-4570-A7EE-BEBD3A04911B}"
EndProject
Global
	GlobalSection(SolutionConfigurationPlatforms) = preSolution
		Debug|Any CPU = Debug|Any CPU
		Release|Any CPU = Release|Any CPU
	EndGlobalSection
	GlobalSection(SolutionProperties) = preSolution
		HideSolutionNode = FALSE
	EndGlobalSection
	GlobalSection(ProjectConfigurationPlatforms) = postSolution
		{103F5EE4-8264-4A28-9D8D-639E842EA46D}.Debug|Any CPU.ActiveCfg = Debug|Any CPU
		{103F5EE4-8264-4A28-9D8D-639E842EA46D}.Debug|Any CPU.Build.0 = Debug|Any CPU
		{103F5EE4-8264-4A28-9D8D-639E842EA46D}.Release|Any CPU.ActiveCfg = Release|Any CPU
		{103F5EE4-8264-4A28-9D8D-639E842EA46D}.Release|Any CPU.Build.0 = Release|Any CPU
		{935B9850-6FD8-4570-A7EE-BEBD3A04911B}.Debug|Any CPU.ActiveCfg = Debug|Any CPU
		{935B9850-6FD8-4570-A7EE-BEBD3A04911B}.Debug|Any CPU.Build.0 = Debug|Any CPU
		{935B9850-6FD8-4570-A7EE-BEBD3A04911B}.Release|Any CPU.ActiveCfg = Release|Any CPU
		{935B9850-6FD8-4570-A7EE-BEBD3A04911B}.Release|Any CPU.Build.0 = Release|Any CPU
	EndGlobalSection
EndGlobal
